
Microsoft Visual Studio Solution File, Format Version 12.00
# Visual Studio Version 16
VisualStudioVersion = 16.0.29326.143
MinimumVisualStudioVersion = 10.0.40219.1
Project("{FAE04EC0-301F-11D3-BF4B-00C04F79EFBC}") = "MovieLibrary", "MovieLibrary\MovieLibrary.csproj", "{15B35787-3D77-4B48-8C24-9791B553AC31}"
EndProject
Project("{FAE04EC0-301F-11D3-BF4B-00C04F79EFBC}") = "TestService", "TestService\TestService.csproj", "{E561A155-006C-4310-A449-CA764EC50CFB}"
EndProject
Project("{FAE04EC0-301F-11D3-BF4B-00C04F79EFBC}") = "MovieServiceLibrary2", "MovieServiceLibrary2\MovieServiceLibrary2.csproj", "{869D3DD8-04C6-4434-BAD6-522873F49DFE}"
EndProject
Project("{FAE04EC0-301F-11D3-BF4B-00C04F79EFBC}") = "ConsoleMovieServiceHost", "ConsoleMovieServiceHost\ConsoleMovieServiceHost.csproj", "{F5D4192F-D18E-437F-A7BE-AC0D495322C2}"
EndProject
Project("{FAE04EC0-301F-11D3-BF4B-00C04F79EFBC}") = "ConsoleMovieClient", "ConsoleMovieClient\ConsoleMovieClient.csproj", "{B5F225DF-BAC6-4D9F-91A1-8223E44233E4}"
	ProjectSection(ProjectDependencies) = postProject
		{869D3DD8-04C6-4434-BAD6-522873F49DFE} = {869D3DD8-04C6-4434-BAD6-522873F49DFE}
	EndProjectSection
EndProject
Project("{FAE04EC0-301F-11D3-BF4B-00C04F79EFBC}") = "PageLifCycleWebApp", "PageLifCycleWebApp\PageLifCycleWebApp.csproj", "{51A29612-759F-4E48-B5D4-DADE7B68D126}"
EndProject
Project("{FAE04EC0-301F-11D3-BF4B-00C04F79EFBC}") = "CompositePatternDemo", "CompositePatternDemo\CompositePatternDemo.csproj", "{148E27B0-D474-42A5-9966-4390ADD34749}"
EndProject
Project("{FAE04EC0-301F-11D3-BF4B-00C04F79EFBC}") = "XmlToExcel", "XmlToExcel\XmlToExcel.csproj", "{7DEC657B-73BF-4874-BDFD-8FB4C982CCEA}"
EndProject
Project("{FAE04EC0-301F-11D3-BF4B-00C04F79EFBC}") = "XmlToExcelWebClient", "XmlToExcelWebClient\XmlToExcelWebClient.csproj", "{520CDD06-3229-4F62-872C-AFD3CAB94C60}"
EndProject
Project("{2150E333-8FDC-42A3-9474-1A3956D46DE8}") = "PluralSight", "PluralSight", "{C0BA1D8F-CD14-4345-B21E-FE377B672A56}"
EndProject
Project("{2150E333-8FDC-42A3-9474-1A3956D46DE8}") = "Patterns", "Patterns", "{8034D939-115A-4AB9-913F-2D05DD8412A5}"
EndProject
Project("{2150E333-8FDC-42A3-9474-1A3956D46DE8}") = "Adapter", "Adapter", "{A292C749-8687-4AE0-B5F3-78CAB6770687}"
EndProject
Project("{FAE04EC0-301F-11D3-BF4B-00C04F79EFBC}") = "AdapterDemo", "AdapterDemo\AdapterDemo.csproj", "{D5746796-01C0-49B0-AC81-B8C6378788CF}"
EndProject
Project("{2150E333-8FDC-42A3-9474-1A3956D46DE8}") = "Test", "Test", "{C8AF04B7-0140-460F-B515-3B8961F94DD7}"
EndProject
Project("{FAE04EC0-301F-11D3-BF4B-00C04F79EFBC}") = "AdapterUnitTest", "AdapterUnitTest\AdapterUnitTest.csproj", "{02C8093B-44CB-4082-B340-7769CB2B670A}"
EndProject
Project("{2150E333-8FDC-42A3-9474-1A3956D46DE8}") = "DependencyInjection", "DependencyInjection", "{53DB14A0-79AB-457B-A76E-324D8E2562B6}"
EndProject
Project("{2150E333-8FDC-42A3-9474-1A3956D46DE8}") = "Unity", "Unity", "{DAA7CF5F-BFE5-40ED-B5C1-48FB237E1B3E}"
EndProject
Project("{2150E333-8FDC-42A3-9474-1A3956D46DE8}") = "MVC", "MVC", "{4B616C85-C833-41D5-8823-B43C90B13019}"
EndProject
Project("{2150E333-8FDC-42A3-9474-1A3956D46DE8}") = "Wcf", "Wcf", "{B4ED57EF-05D6-405F-972A-2EC80CDAC0C8}"
EndProject
Project("{2150E333-8FDC-42A3-9474-1A3956D46DE8}") = "WebApi", "WebApi", "{2DC0487C-497F-469F-B42D-F8500654763B}"
EndProject
Project("{FAE04EC0-301F-11D3-BF4B-00C04F79EFBC}") = "MVCUsingUnity", "MVCUsingUnity\MVCUsingUnity.csproj", "{807B4FD6-9FB1-4181-BADC-29A4B5FB5486}"
EndProject
Project("{FAE04EC0-301F-11D3-BF4B-00C04F79EFBC}") = "EntitiesCL", "EntitiesCL\EntitiesCL.csproj", "{1E55CD5A-9313-4FF4-8F64-96A00EAD9D32}"
EndProject
Project("{FAE04EC0-301F-11D3-BF4B-00C04F79EFBC}") = "ServiciesCL", "ServiciesCL\ServiciesCL.csproj", "{4C1B31CD-CD23-4469-A6AD-F2D1C0EED0A0}"
EndProject
Project("{2150E333-8FDC-42A3-9474-1A3956D46DE8}") = "WcfInDeep", "WcfInDeep", "{F50A4EDA-28A0-4A8F-9316-E244781F39DE}"
EndProject
Project("{FAE04EC0-301F-11D3-BF4B-00C04F79EFBC}") = "WcfServiceLibrary2", "WcfServiceLibrary2\WcfServiceLibrary2.csproj", "{6D9BA49C-DC15-45EE-A44D-1E1AD1B13090}"
EndProject
Project("{FAE04EC0-301F-11D3-BF4B-00C04F79EFBC}") = "ConsoleWcfService2Host", "ConsoleWcfService2Host\ConsoleWcfService2Host.csproj", "{10C7D418-695E-439C-98B7-8027A8BAF54C}"
EndProject
Project("{2150E333-8FDC-42A3-9474-1A3956D46DE8}") = "Log", "Log", "{BB24F4EE-A5D8-4884-BBFA-4230E49F664D}"
EndProject
Project("{FAE04EC0-301F-11D3-BF4B-00C04F79EFBC}") = "MyLogger", "MyLogger\MyLogger.csproj", "{9A10992E-8210-44E9-A46F-FEF45858721B}"
EndProject
Project("{FAE04EC0-301F-11D3-BF4B-00C04F79EFBC}") = "ConsoleService2WcfClient", "ConsoleService2WcfClient\ConsoleService2WcfClient.csproj", "{F1E45B6B-576A-42D3-BE7A-2585B0DC4BE2}"
	ProjectSection(ProjectDependencies) = postProject
		{6D9BA49C-DC15-45EE-A44D-1E1AD1B13090} = {6D9BA49C-DC15-45EE-A44D-1E1AD1B13090}
	EndProjectSection
EndProject
Project("{FAE04EC0-301F-11D3-BF4B-00C04F79EFBC}") = "ConsoleWcfService2Host2", "ConsoleWcfService2Host2\ConsoleWcfService2Host2.csproj", "{B7F741E7-AF56-4274-95EB-2D77601E764C}"
EndProject
Global
	GlobalSection(SolutionConfigurationPlatforms) = preSolution
		Debug|Any CPU = Debug|Any CPU
		Release|Any CPU = Release|Any CPU
	EndGlobalSection
	GlobalSection(ProjectConfigurationPlatforms) = postSolution
		{15B35787-3D77-4B48-8C24-9791B553AC31}.Debug|Any CPU.ActiveCfg = Debug|Any CPU
		{15B35787-3D77-4B48-8C24-9791B553AC31}.Debug|Any CPU.Build.0 = Debug|Any CPU
		{15B35787-3D77-4B48-8C24-9791B553AC31}.Release|Any CPU.ActiveCfg = Release|Any CPU
		{15B35787-3D77-4B48-8C24-9791B553AC31}.Release|Any CPU.Build.0 = Release|Any CPU
		{E561A155-006C-4310-A449-CA764EC50CFB}.Debug|Any CPU.ActiveCfg = Debug|Any CPU
		{E561A155-006C-4310-A449-CA764EC50CFB}.Debug|Any CPU.Build.0 = Debug|Any CPU
		{E561A155-006C-4310-A449-CA764EC50CFB}.Release|Any CPU.ActiveCfg = Release|Any CPU
		{E561A155-006C-4310-A449-CA764EC50CFB}.Release|Any CPU.Build.0 = Release|Any CPU
		{869D3DD8-04C6-4434-BAD6-522873F49DFE}.Debug|Any CPU.ActiveCfg = Debug|Any CPU
		{869D3DD8-04C6-4434-BAD6-522873F49DFE}.Debug|Any CPU.Build.0 = Debug|Any CPU
		{869D3DD8-04C6-4434-BAD6-522873F49DFE}.Release|Any CPU.ActiveCfg = Release|Any CPU
		{869D3DD8-04C6-4434-BAD6-522873F49DFE}.Release|Any CPU.Build.0 = Release|Any CPU
		{F5D4192F-D18E-437F-A7BE-AC0D495322C2}.Debug|Any CPU.ActiveCfg = Debug|Any CPU
		{F5D4192F-D18E-437F-A7BE-AC0D495322C2}.Debug|Any CPU.Build.0 = Debug|Any CPU
		{F5D4192F-D18E-437F-A7BE-AC0D495322C2}.Release|Any CPU.ActiveCfg = Release|Any CPU
		{F5D4192F-D18E-437F-A7BE-AC0D495322C2}.Release|Any CPU.Build.0 = Release|Any CPU
		{B5F225DF-BAC6-4D9F-91A1-8223E44233E4}.Debug|Any CPU.ActiveCfg = Debug|Any CPU
		{B5F225DF-BAC6-4D9F-91A1-8223E44233E4}.Debug|Any CPU.Build.0 = Debug|Any CPU
		{B5F225DF-BAC6-4D9F-91A1-8223E44233E4}.Release|Any CPU.ActiveCfg = Release|Any CPU
		{B5F225DF-BAC6-4D9F-91A1-8223E44233E4}.Release|Any CPU.Build.0 = Release|Any CPU
		{51A29612-759F-4E48-B5D4-DADE7B68D126}.Debug|Any CPU.ActiveCfg = Debug|Any CPU
		{51A29612-759F-4E48-B5D4-DADE7B68D126}.Debug|Any CPU.Build.0 = Debug|Any CPU
		{51A29612-759F-4E48-B5D4-DADE7B68D126}.Release|Any CPU.ActiveCfg = Release|Any CPU
		{51A29612-759F-4E48-B5D4-DADE7B68D126}.Release|Any CPU.Build.0 = Release|Any CPU
		{148E27B0-D474-42A5-9966-4390ADD34749}.Debug|Any CPU.ActiveCfg = Debug|Any CPU
		{148E27B0-D474-42A5-9966-4390ADD34749}.Debug|Any CPU.Build.0 = Debug|Any CPU
		{148E27B0-D474-42A5-9966-4390ADD34749}.Release|Any CPU.ActiveCfg = Release|Any CPU
		{148E27B0-D474-42A5-9966-4390ADD34749}.Release|Any CPU.Build.0 = Release|Any CPU
		{7DEC657B-73BF-4874-BDFD-8FB4C982CCEA}.Debug|Any CPU.ActiveCfg = Debug|Any CPU
		{7DEC657B-73BF-4874-BDFD-8FB4C982CCEA}.Debug|Any CPU.Build.0 = Debug|Any CPU
		{7DEC657B-73BF-4874-BDFD-8FB4C982CCEA}.Release|Any CPU.ActiveCfg = Release|Any CPU
		{7DEC657B-73BF-4874-BDFD-8FB4C982CCEA}.Release|Any CPU.Build.0 = Release|Any CPU
		{520CDD06-3229-4F62-872C-AFD3CAB94C60}.Debug|Any CPU.ActiveCfg = Debug|Any CPU
		{520CDD06-3229-4F62-872C-AFD3CAB94C60}.Debug|Any CPU.Build.0 = Debug|Any CPU
		{520CDD06-3229-4F62-872C-AFD3CAB94C60}.Release|Any CPU.ActiveCfg = Release|Any CPU
		{520CDD06-3229-4F62-872C-AFD3CAB94C60}.Release|Any CPU.Build.0 = Release|Any CPU
		{D5746796-01C0-49B0-AC81-B8C6378788CF}.Debug|Any CPU.ActiveCfg = Debug|Any CPU
		{D5746796-01C0-49B0-AC81-B8C6378788CF}.Debug|Any CPU.Build.0 = Debug|Any CPU
		{D5746796-01C0-49B0-AC81-B8C6378788CF}.Release|Any CPU.ActiveCfg = Release|Any CPU
		{D5746796-01C0-49B0-AC81-B8C6378788CF}.Release|Any CPU.Build.0 = Release|Any CPU
		{02C8093B-44CB-4082-B340-7769CB2B670A}.Debug|Any CPU.ActiveCfg = Debug|Any CPU
		{02C8093B-44CB-4082-B340-7769CB2B670A}.Debug|Any CPU.Build.0 = Debug|Any CPU
		{02C8093B-44CB-4082-B340-7769CB2B670A}.Release|Any CPU.ActiveCfg = Release|Any CPU
		{02C8093B-44CB-4082-B340-7769CB2B670A}.Release|Any CPU.Build.0 = Release|Any CPU
		{807B4FD6-9FB1-4181-BADC-29A4B5FB5486}.Debug|Any CPU.ActiveCfg = Debug|Any CPU
		{807B4FD6-9FB1-4181-BADC-29A4B5FB5486}.Debug|Any CPU.Build.0 = Debug|Any CPU
		{807B4FD6-9FB1-4181-BADC-29A4B5FB5486}.Release|Any CPU.ActiveCfg = Release|Any CPU
		{807B4FD6-9FB1-4181-BADC-29A4B5FB5486}.Release|Any CPU.Build.0 = Release|Any CPU
		{1E55CD5A-9313-4FF4-8F64-96A00EAD9D32}.Debug|Any CPU.ActiveCfg = Debug|Any CPU
		{1E55CD5A-9313-4FF4-8F64-96A00EAD9D32}.Debug|Any CPU.Build.0 = Debug|Any CPU
		{1E55CD5A-9313-4FF4-8F64-96A00EAD9D32}.Release|Any CPU.ActiveCfg = Release|Any CPU
		{1E55CD5A-9313-4FF4-8F64-96A00EAD9D32}.Release|Any CPU.Build.0 = Release|Any CPU
		{4C1B31CD-CD23-4469-A6AD-F2D1C0EED0A0}.Debug|Any CPU.ActiveCfg = Debug|Any CPU
		{4C1B31CD-CD23-4469-A6AD-F2D1C0EED0A0}.Debug|Any CPU.Build.0 = Debug|Any CPU
		{4C1B31CD-CD23-4469-A6AD-F2D1C0EED0A0}.Release|Any CPU.ActiveCfg = Release|Any CPU
		{4C1B31CD-CD23-4469-A6AD-F2D1C0EED0A0}.Release|Any CPU.Build.0 = Release|Any CPU
		{6D9BA49C-DC15-45EE-A44D-1E1AD1B13090}.Debug|Any CPU.ActiveCfg = Debug|Any CPU
		{6D9BA49C-DC15-45EE-A44D-1E1AD1B13090}.Debug|Any CPU.Build.0 = Debug|Any CPU
		{6D9BA49C-DC15-45EE-A44D-1E1AD1B13090}.Release|Any CPU.ActiveCfg = Release|Any CPU
		{6D9BA49C-DC15-45EE-A44D-1E1AD1B13090}.Release|Any CPU.Build.0 = Release|Any CPU
		{10C7D418-695E-439C-98B7-8027A8BAF54C}.Debug|Any CPU.ActiveCfg = Debug|Any CPU
		{10C7D418-695E-439C-98B7-8027A8BAF54C}.Debug|Any CPU.Build.0 = Debug|Any CPU
		{10C7D418-695E-439C-98B7-8027A8BAF54C}.Release|Any CPU.ActiveCfg = Release|Any CPU
		{10C7D418-695E-439C-98B7-8027A8BAF54C}.Release|Any CPU.Build.0 = Release|Any CPU
		{9A10992E-8210-44E9-A46F-FEF45858721B}.Debug|Any CPU.ActiveCfg = Debug|Any CPU
		{9A10992E-8210-44E9-A46F-FEF45858721B}.Debug|Any CPU.Build.0 = Debug|Any CPU
		{9A10992E-8210-44E9-A46F-FEF45858721B}.Release|Any CPU.ActiveCfg = Release|Any CPU
		{9A10992E-8210-44E9-A46F-FEF45858721B}.Release|Any CPU.Build.0 = Release|Any CPU
		{F1E45B6B-576A-42D3-BE7A-2585B0DC4BE2}.Debug|Any CPU.ActiveCfg = Debug|Any CPU
		{F1E45B6B-576A-42D3-BE7A-2585B0DC4BE2}.Debug|Any CPU.Build.0 = Debug|Any CPU
		{F1E45B6B-576A-42D3-BE7A-2585B0DC4BE2}.Release|Any CPU.ActiveCfg = Release|Any CPU
		{F1E45B6B-576A-42D3-BE7A-2585B0DC4BE2}.Release|Any CPU.Build.0 = Release|Any CPU
		{B7F741E7-AF56-4274-95EB-2D77601E764C}.Debug|Any CPU.ActiveCfg = Debug|Any CPU
		{B7F741E7-AF56-4274-95EB-2D77601E764C}.Debug|Any CPU.Build.0 = Debug|Any CPU
		{B7F741E7-AF56-4274-95EB-2D77601E764C}.Release|Any CPU.ActiveCfg = Release|Any CPU
		{B7F741E7-AF56-4274-95EB-2D77601E764C}.Release|Any CPU.Build.0 = Release|Any CPU
	EndGlobalSection
	GlobalSection(SolutionProperties) = preSolution
		HideSolutionNode = FALSE
	EndGlobalSection
	GlobalSection(NestedProjects) = preSolution
		{8034D939-115A-4AB9-913F-2D05DD8412A5} = {C0BA1D8F-CD14-4345-B21E-FE377B672A56}
		{A292C749-8687-4AE0-B5F3-78CAB6770687} = {8034D939-115A-4AB9-913F-2D05DD8412A5}
		{D5746796-01C0-49B0-AC81-B8C6378788CF} = {A292C749-8687-4AE0-B5F3-78CAB6770687}
		{C8AF04B7-0140-460F-B515-3B8961F94DD7} = {A292C749-8687-4AE0-B5F3-78CAB6770687}
		{02C8093B-44CB-4082-B340-7769CB2B670A} = {C8AF04B7-0140-460F-B515-3B8961F94DD7}
		{DAA7CF5F-BFE5-40ED-B5C1-48FB237E1B3E} = {53DB14A0-79AB-457B-A76E-324D8E2562B6}
		{4B616C85-C833-41D5-8823-B43C90B13019} = {DAA7CF5F-BFE5-40ED-B5C1-48FB237E1B3E}
		{B4ED57EF-05D6-405F-972A-2EC80CDAC0C8} = {DAA7CF5F-BFE5-40ED-B5C1-48FB237E1B3E}
		{2DC0487C-497F-469F-B42D-F8500654763B} = {DAA7CF5F-BFE5-40ED-B5C1-48FB237E1B3E}
		{807B4FD6-9FB1-4181-BADC-29A4B5FB5486} = {4B616C85-C833-41D5-8823-B43C90B13019}
		{1E55CD5A-9313-4FF4-8F64-96A00EAD9D32} = {4B616C85-C833-41D5-8823-B43C90B13019}
		{4C1B31CD-CD23-4469-A6AD-F2D1C0EED0A0} = {4B616C85-C833-41D5-8823-B43C90B13019}
		{6D9BA49C-DC15-45EE-A44D-1E1AD1B13090} = {F50A4EDA-28A0-4A8F-9316-E244781F39DE}
		{10C7D418-695E-439C-98B7-8027A8BAF54C} = {F50A4EDA-28A0-4A8F-9316-E244781F39DE}
		{BB24F4EE-A5D8-4884-BBFA-4230E49F664D} = {F50A4EDA-28A0-4A8F-9316-E244781F39DE}
		{9A10992E-8210-44E9-A46F-FEF45858721B} = {BB24F4EE-A5D8-4884-BBFA-4230E49F664D}
		{F1E45B6B-576A-42D3-BE7A-2585B0DC4BE2} = {F50A4EDA-28A0-4A8F-9316-E244781F39DE}
		{B7F741E7-AF56-4274-95EB-2D77601E764C} = {F50A4EDA-28A0-4A8F-9316-E244781F39DE}
	EndGlobalSection
	GlobalSection(ExtensibilityGlobals) = postSolution
		SolutionGuid = {A81BEB8E-8BDC-4B19-851B-B600571762C3}
		EnterpriseLibraryConfigurationToolBinariesPathV6 = packages\EnterpriseLibrary.Common.6.0.1304.0\lib\NET45;packages\EnterpriseLibrary.Validation.6.0.1304.0\lib\NET45
	EndGlobalSection
EndGlobal
