
Microsoft Visual Studio Solution File, Format Version 12.00
# Visual Studio Version 16
VisualStudioVersion = 16.0.29326.143
MinimumVisualStudioVersion = 10.0.40219.1
Project("{FAE04EC0-301F-11D3-BF4B-00C04F79EFBC}") = "CompositePatternDemo", "CompositePatternDemo\CompositePatternDemo.csproj", "{148E27B0-D474-42A5-9966-4390ADD34749}"
EndProject
Project("{FAE04EC0-301F-11D3-BF4B-00C04F79EFBC}") = "XmlToExcel", "XmlToExcel\XmlToExcel.csproj", "{7DEC657B-73BF-4874-BDFD-8FB4C982CCEA}"
EndProject
Project("{FAE04EC0-301F-11D3-BF4B-00C04F79EFBC}") = "XmlToExcelWebClient", "XmlToExcelWebClient\XmlToExcelWebClient.csproj", "{520CDD06-3229-4F62-872C-AFD3CAB94C60}"
EndProject
Project("{2150E333-8FDC-42A3-9474-1A3956D46DE8}") = "PluralSight", "PluralSight", "{C0BA1D8F-CD14-4345-B21E-FE377B672A56}"
EndProject
Project("{2150E333-8FDC-42A3-9474-1A3956D46DE8}") = "Patterns", "Patterns", "{8034D939-115A-4AB9-913F-2D05DD8412A5}"
EndProject
Project("{2150E333-8FDC-42A3-9474-1A3956D46DE8}") = "Adapter", "Adapter", "{A292C749-8687-4AE0-B5F3-78CAB6770687}"
EndProject
Project("{FAE04EC0-301F-11D3-BF4B-00C04F79EFBC}") = "AdapterDemo", "AdapterDemo\AdapterDemo.csproj", "{D5746796-01C0-49B0-AC81-B8C6378788CF}"
EndProject
Project("{2150E333-8FDC-42A3-9474-1A3956D46DE8}") = "Test", "Test", "{C8AF04B7-0140-460F-B515-3B8961F94DD7}"
EndProject
Project("{FAE04EC0-301F-11D3-BF4B-00C04F79EFBC}") = "AdapterUnitTest", "AdapterUnitTest\AdapterUnitTest.csproj", "{02C8093B-44CB-4082-B340-7769CB2B670A}"
EndProject
Project("{2150E333-8FDC-42A3-9474-1A3956D46DE8}") = "WCF", "WCF", "{F50A4EDA-28A0-4A8F-9316-E244781F39DE}"
EndProject
Project("{2150E333-8FDC-42A3-9474-1A3956D46DE8}") = "ASPNET", "ASPNET", "{9F5ABA2D-EFDC-446E-8992-699EC5FD7748}"
EndProject
Project("{FAE04EC0-301F-11D3-BF4B-00C04F79EFBC}") = "PageLifeCycle", "PageLifeCycle\PageLifeCycle.csproj", "{206FE5EF-B77B-434F-AF27-789BAF737D56}"
EndProject
Project("{2150E333-8FDC-42A3-9474-1A3956D46DE8}") = "Composite", "Composite", "{294E3120-69B6-4AE5-B922-03963973BD77}"
EndProject
Project("{2150E333-8FDC-42A3-9474-1A3956D46DE8}") = "Services", "Services", "{38288CE7-A1FE-4C54-A8E6-B10AED27BE1D}"
EndProject
Project("{2150E333-8FDC-42A3-9474-1A3956D46DE8}") = "Clients", "Clients", "{81954321-B260-490F-9D0A-F8C882044AAD}"
EndProject
Project("{FAE04EC0-301F-11D3-BF4B-00C04F79EFBC}") = "WcfService", "WcfService\WcfService.csproj", "{9B2C272C-E3B7-4737-A47B-58E23777D87F}"
EndProject
Project("{FAE04EC0-301F-11D3-BF4B-00C04F79EFBC}") = "ConsoleWcfService1Client", "ConsoleWcfService1Client\ConsoleWcfService1Client.csproj", "{A178C43F-0160-45A6-A510-962B0F7B0F61}"
	ProjectSection(ProjectDependencies) = postProject
		{9B2C272C-E3B7-4737-A47B-58E23777D87F} = {9B2C272C-E3B7-4737-A47B-58E23777D87F}
	EndProjectSection
EndProject
Project("{FAE04EC0-301F-11D3-BF4B-00C04F79EFBC}") = "ConsoleWcfService1Client1", "ConsoleWcfService1Client1\ConsoleWcfService1Client1.csproj", "{FB3B73AE-DD20-4FED-A402-6999CC3AAF7B}"
	ProjectSection(ProjectDependencies) = postProject
		{9B2C272C-E3B7-4737-A47B-58E23777D87F} = {9B2C272C-E3B7-4737-A47B-58E23777D87F}
	EndProjectSection
EndProject
Global
	GlobalSection(SolutionConfigurationPlatforms) = preSolution
		Debug|Any CPU = Debug|Any CPU
		Release|Any CPU = Release|Any CPU
	EndGlobalSection
	GlobalSection(ProjectConfigurationPlatforms) = postSolution
		{148E27B0-D474-42A5-9966-4390ADD34749}.Debug|Any CPU.ActiveCfg = Debug|Any CPU
		{148E27B0-D474-42A5-9966-4390ADD34749}.Debug|Any CPU.Build.0 = Debug|Any CPU
		{148E27B0-D474-42A5-9966-4390ADD34749}.Release|Any CPU.ActiveCfg = Release|Any CPU
		{148E27B0-D474-42A5-9966-4390ADD34749}.Release|Any CPU.Build.0 = Release|Any CPU
		{7DEC657B-73BF-4874-BDFD-8FB4C982CCEA}.Debug|Any CPU.ActiveCfg = Debug|Any CPU
		{7DEC657B-73BF-4874-BDFD-8FB4C982CCEA}.Debug|Any CPU.Build.0 = Debug|Any CPU
		{7DEC657B-73BF-4874-BDFD-8FB4C982CCEA}.Release|Any CPU.ActiveCfg = Release|Any CPU
		{7DEC657B-73BF-4874-BDFD-8FB4C982CCEA}.Release|Any CPU.Build.0 = Release|Any CPU
		{520CDD06-3229-4F62-872C-AFD3CAB94C60}.Debug|Any CPU.ActiveCfg = Debug|Any CPU
		{520CDD06-3229-4F62-872C-AFD3CAB94C60}.Debug|Any CPU.Build.0 = Debug|Any CPU
		{520CDD06-3229-4F62-872C-AFD3CAB94C60}.Release|Any CPU.ActiveCfg = Release|Any CPU
		{520CDD06-3229-4F62-872C-AFD3CAB94C60}.Release|Any CPU.Build.0 = Release|Any CPU
		{D5746796-01C0-49B0-AC81-B8C6378788CF}.Debug|Any CPU.ActiveCfg = Debug|Any CPU
		{D5746796-01C0-49B0-AC81-B8C6378788CF}.Debug|Any CPU.Build.0 = Debug|Any CPU
		{D5746796-01C0-49B0-AC81-B8C6378788CF}.Release|Any CPU.ActiveCfg = Release|Any CPU
		{D5746796-01C0-49B0-AC81-B8C6378788CF}.Release|Any CPU.Build.0 = Release|Any CPU
		{02C8093B-44CB-4082-B340-7769CB2B670A}.Debug|Any CPU.ActiveCfg = Debug|Any CPU
		{02C8093B-44CB-4082-B340-7769CB2B670A}.Debug|Any CPU.Build.0 = Debug|Any CPU
		{02C8093B-44CB-4082-B340-7769CB2B670A}.Release|Any CPU.ActiveCfg = Release|Any CPU
		{02C8093B-44CB-4082-B340-7769CB2B670A}.Release|Any CPU.Build.0 = Release|Any CPU
		{206FE5EF-B77B-434F-AF27-789BAF737D56}.Debug|Any CPU.ActiveCfg = Debug|Any CPU
		{206FE5EF-B77B-434F-AF27-789BAF737D56}.Debug|Any CPU.Build.0 = Debug|Any CPU
		{206FE5EF-B77B-434F-AF27-789BAF737D56}.Release|Any CPU.ActiveCfg = Release|Any CPU
		{206FE5EF-B77B-434F-AF27-789BAF737D56}.Release|Any CPU.Build.0 = Release|Any CPU
		{9B2C272C-E3B7-4737-A47B-58E23777D87F}.Debug|Any CPU.ActiveCfg = Debug|Any CPU
		{9B2C272C-E3B7-4737-A47B-58E23777D87F}.Debug|Any CPU.Build.0 = Debug|Any CPU
		{9B2C272C-E3B7-4737-A47B-58E23777D87F}.Release|Any CPU.ActiveCfg = Release|Any CPU
		{9B2C272C-E3B7-4737-A47B-58E23777D87F}.Release|Any CPU.Build.0 = Release|Any CPU
		{A178C43F-0160-45A6-A510-962B0F7B0F61}.Debug|Any CPU.ActiveCfg = Debug|Any CPU
		{A178C43F-0160-45A6-A510-962B0F7B0F61}.Debug|Any CPU.Build.0 = Debug|Any CPU
		{A178C43F-0160-45A6-A510-962B0F7B0F61}.Release|Any CPU.ActiveCfg = Release|Any CPU
		{A178C43F-0160-45A6-A510-962B0F7B0F61}.Release|Any CPU.Build.0 = Release|Any CPU
		{FB3B73AE-DD20-4FED-A402-6999CC3AAF7B}.Debug|Any CPU.ActiveCfg = Debug|Any CPU
		{FB3B73AE-DD20-4FED-A402-6999CC3AAF7B}.Debug|Any CPU.Build.0 = Debug|Any CPU
		{FB3B73AE-DD20-4FED-A402-6999CC3AAF7B}.Release|Any CPU.ActiveCfg = Release|Any CPU
		{FB3B73AE-DD20-4FED-A402-6999CC3AAF7B}.Release|Any CPU.Build.0 = Release|Any CPU
	EndGlobalSection
	GlobalSection(SolutionProperties) = preSolution
		HideSolutionNode = FALSE
	EndGlobalSection
	GlobalSection(NestedProjects) = preSolution
		{148E27B0-D474-42A5-9966-4390ADD34749} = {294E3120-69B6-4AE5-B922-03963973BD77}
		{8034D939-115A-4AB9-913F-2D05DD8412A5} = {C0BA1D8F-CD14-4345-B21E-FE377B672A56}
		{A292C749-8687-4AE0-B5F3-78CAB6770687} = {8034D939-115A-4AB9-913F-2D05DD8412A5}
		{D5746796-01C0-49B0-AC81-B8C6378788CF} = {A292C749-8687-4AE0-B5F3-78CAB6770687}
		{C8AF04B7-0140-460F-B515-3B8961F94DD7} = {A292C749-8687-4AE0-B5F3-78CAB6770687}
		{02C8093B-44CB-4082-B340-7769CB2B670A} = {C8AF04B7-0140-460F-B515-3B8961F94DD7}
		{9F5ABA2D-EFDC-446E-8992-699EC5FD7748} = {C0BA1D8F-CD14-4345-B21E-FE377B672A56}
		{206FE5EF-B77B-434F-AF27-789BAF737D56} = {9F5ABA2D-EFDC-446E-8992-699EC5FD7748}
		{294E3120-69B6-4AE5-B922-03963973BD77} = {8034D939-115A-4AB9-913F-2D05DD8412A5}
		{38288CE7-A1FE-4C54-A8E6-B10AED27BE1D} = {F50A4EDA-28A0-4A8F-9316-E244781F39DE}
		{81954321-B260-490F-9D0A-F8C882044AAD} = {F50A4EDA-28A0-4A8F-9316-E244781F39DE}
		{9B2C272C-E3B7-4737-A47B-58E23777D87F} = {38288CE7-A1FE-4C54-A8E6-B10AED27BE1D}
		{A178C43F-0160-45A6-A510-962B0F7B0F61} = {81954321-B260-490F-9D0A-F8C882044AAD}
		{FB3B73AE-DD20-4FED-A402-6999CC3AAF7B} = {81954321-B260-490F-9D0A-F8C882044AAD}
	EndGlobalSection
	GlobalSection(ExtensibilityGlobals) = postSolution
		SolutionGuid = {A81BEB8E-8BDC-4B19-851B-B600571762C3}
		EnterpriseLibraryConfigurationToolBinariesPathV6 = packages\EnterpriseLibrary.Common.6.0.1304.0\lib\NET45;packages\EnterpriseLibrary.Validation.6.0.1304.0\lib\NET45
	EndGlobalSection
EndGlobal
